<Solution>
  <Folder Name="/src/">
    <Project Path="src/Kuestenlogik.Akka.Surgewave.Streams/Kuestenlogik.Akka.Surgewave.Streams.csproj" />
    <Project Path="src/Kuestenlogik.Akka.Surgewave.Persistence/Kuestenlogik.Akka.Surgewave.Persistence.csproj" />
  </Folder>
  <Folder Name="/tests/">
    <Project Path="tests/Kuestenlogik.Akka.Surgewave.Streams.Tests/Kuestenlogik.Akka.Surgewave.Streams.Tests.csproj" />
    <Project Path="tests/Kuestenlogik.Akka.Surgewave.Persistence.Tests/Kuestenlogik.Akka.Surgewave.Persistence.Tests.csproj" />
  </Folder>
</Solution>
