<Solution>
  <Folder Name="/src/">
    <Project Path="src/Kuestenlogik.Surgewave.AkkaStreams/Kuestenlogik.Surgewave.AkkaStreams.csproj" />
    <Project Path="src/Kuestenlogik.Surgewave.AkkaPersistence/Kuestenlogik.Surgewave.AkkaPersistence.csproj" />
  </Folder>
  <Folder Name="/tests/">
    <Project Path="tests/Kuestenlogik.Surgewave.AkkaStreams.Tests/Kuestenlogik.Surgewave.AkkaStreams.Tests.csproj" />
    <Project Path="tests/Kuestenlogik.Surgewave.AkkaPersistence.Tests/Kuestenlogik.Surgewave.AkkaPersistence.Tests.csproj" />
  </Folder>
</Solution>
